
Microsoft Visual Studio Solution File, Format Version 12.00
# Visual Studio 15
VisualStudioVersion = 15.0.28307.168
MinimumVisualStudioVersion = 10.0.40219.1
Project("{9A19103F-16F7-4668-BE54-9A1E7A4F7556}") = "Softuni.Community.Data.Models", "Softuni.Community.Data.Models\Softuni.Community.Data.Models.csproj", "{685C2401-1649-454A-AAC2-6E8B58552D06}"
EndProject
Project("{9A19103F-16F7-4668-BE54-9A1E7A4F7556}") = "Softuni.Community.Data", "Softuni.Community.Data\Softuni.Community.Data.csproj", "{54E54A7D-A09A-4F72-9522-8B4C40DAA5FA}"
EndProject
Project("{9A19103F-16F7-4668-BE54-9A1E7A4F7556}") = "Softuni.Community.Web", "Softuni.Community.Web\Softuni.Community.Web.csproj", "{AB953269-107B-409F-9739-872FB0880B88}"
EndProject
Project("{9A19103F-16F7-4668-BE54-9A1E7A4F7556}") = "Softuni.Community.Services", "Softuni.Community.Services\Softuni.Community.Services.csproj", "{EEBDE4BE-DABF-4105-844D-66E172278A9B}"
EndProject
Project("{9A19103F-16F7-4668-BE54-9A1E7A4F7556}") = "Softuni.Community.Services.Interfaces", "Softuni.Community.Services.Interfaces\Softuni.Community.Services.Interfaces.csproj", "{BC0902FB-F5F7-467A-9886-850518C7F524}"
EndProject
Project("{9A19103F-16F7-4668-BE54-9A1E7A4F7556}") = "Softuni.Community.Web.Common", "Softuni.Community.Web.Common\Softuni.Community.Web.Common.csproj", "{006CC667-83DA-40EF-A115-C621871AF39F}"
EndProject
Project("{9A19103F-16F7-4668-BE54-9A1E7A4F7556}") = "Softuni.Community.Web.Models", "Softuni.Community.Web.Models\Softuni.Community.Web.Models.csproj", "{0B75B467-81E8-4ECA-8B7B-6096D17C37F8}"
EndProject
Project("{FAE04EC0-301F-11D3-BF4B-00C04F79EFBC}") = "Softuni.Community.Data.Common", "Softuni.Community.Data.Common\Softuni.Community.Data.Common.csproj", "{40D777A5-A261-4268-A47C-81177881E6D8}"
EndProject
Global
	GlobalSection(SolutionConfigurationPlatforms) = preSolution
		Debug|Any CPU = Debug|Any CPU
		Release|Any CPU = Release|Any CPU
	EndGlobalSection
	GlobalSection(ProjectConfigurationPlatforms) = postSolution
		{685C2401-1649-454A-AAC2-6E8B58552D06}.Debug|Any CPU.ActiveCfg = Debug|Any CPU
		{685C2401-1649-454A-AAC2-6E8B58552D06}.Debug|Any CPU.Build.0 = Debug|Any CPU
		{685C2401-1649-454A-AAC2-6E8B58552D06}.Release|Any CPU.ActiveCfg = Release|Any CPU
		{685C2401-1649-454A-AAC2-6E8B58552D06}.Release|Any CPU.Build.0 = Release|Any CPU
		{54E54A7D-A09A-4F72-9522-8B4C40DAA5FA}.Debug|Any CPU.ActiveCfg = Debug|Any CPU
		{54E54A7D-A09A-4F72-9522-8B4C40DAA5FA}.Debug|Any CPU.Build.0 = Debug|Any CPU
		{54E54A7D-A09A-4F72-9522-8B4C40DAA5FA}.Release|Any CPU.ActiveCfg = Release|Any CPU
		{54E54A7D-A09A-4F72-9522-8B4C40DAA5FA}.Release|Any CPU.Build.0 = Release|Any CPU
		{AB953269-107B-409F-9739-872FB0880B88}.Debug|Any CPU.ActiveCfg = Debug|Any CPU
		{AB953269-107B-409F-9739-872FB0880B88}.Debug|Any CPU.Build.0 = Debug|Any CPU
		{AB953269-107B-409F-9739-872FB0880B88}.Release|Any CPU.ActiveCfg = Release|Any CPU
		{AB953269-107B-409F-9739-872FB0880B88}.Release|Any CPU.Build.0 = Release|Any CPU
		{EEBDE4BE-DABF-4105-844D-66E172278A9B}.Debug|Any CPU.ActiveCfg = Debug|Any CPU
		{EEBDE4BE-DABF-4105-844D-66E172278A9B}.Debug|Any CPU.Build.0 = Debug|Any CPU
		{EEBDE4BE-DABF-4105-844D-66E172278A9B}.Release|Any CPU.ActiveCfg = Release|Any CPU
		{EEBDE4BE-DABF-4105-844D-66E172278A9B}.Release|Any CPU.Build.0 = Release|Any CPU
		{BC0902FB-F5F7-467A-9886-850518C7F524}.Debug|Any CPU.ActiveCfg = Debug|Any CPU
		{BC0902FB-F5F7-467A-9886-850518C7F524}.Debug|Any CPU.Build.0 = Debug|Any CPU
		{BC0902FB-F5F7-467A-9886-850518C7F524}.Release|Any CPU.ActiveCfg = Release|Any CPU
		{BC0902FB-F5F7-467A-9886-850518C7F524}.Release|Any CPU.Build.0 = Release|Any CPU
		{006CC667-83DA-40EF-A115-C621871AF39F}.Debug|Any CPU.ActiveCfg = Debug|Any CPU
		{006CC667-83DA-40EF-A115-C621871AF39F}.Debug|Any CPU.Build.0 = Debug|Any CPU
		{006CC667-83DA-40EF-A115-C621871AF39F}.Release|Any CPU.ActiveCfg = Release|Any CPU
		{006CC667-83DA-40EF-A115-C621871AF39F}.Release|Any CPU.Build.0 = Release|Any CPU
		{0B75B467-81E8-4ECA-8B7B-6096D17C37F8}.Debug|Any CPU.ActiveCfg = Debug|Any CPU
		{0B75B467-81E8-4ECA-8B7B-6096D17C37F8}.Debug|Any CPU.Build.0 = Debug|Any CPU
		{0B75B467-81E8-4ECA-8B7B-6096D17C37F8}.Release|Any CPU.ActiveCfg = Release|Any CPU
		{0B75B467-81E8-4ECA-8B7B-6096D17C37F8}.Release|Any CPU.Build.0 = Release|Any CPU
		{40D777A5-A261-4268-A47C-81177881E6D8}.Debug|Any CPU.ActiveCfg = Debug|Any CPU
		{40D777A5-A261-4268-A47C-81177881E6D8}.Debug|Any CPU.Build.0 = Debug|Any CPU
		{40D777A5-A261-4268-A47C-81177881E6D8}.Release|Any CPU.ActiveCfg = Release|Any CPU
		{40D777A5-A261-4268-A47C-81177881E6D8}.Release|Any CPU.Build.0 = Release|Any CPU
	EndGlobalSection
	GlobalSection(SolutionProperties) = preSolution
		HideSolutionNode = FALSE
	EndGlobalSection
	GlobalSection(ExtensibilityGlobals) = postSolution
		SolutionGuid = {C59506C1-438D-48A7-9CE4-B67D7EBA4805}
	EndGlobalSection
EndGlobal
